{
  "name": "node",
  "version": "1.0.0",
  "lockfileVersion": 1,
  "requires": true,
  "dependencies": {
    "@emmetio/abbreviation": {
      "version": "0.7.0",
      "resolved": "https://registry.npm.taobao.org/@emmetio/abbreviation/download/@emmetio/abbreviation-0.7.0.tgz",
      "integrity": "sha1-9lsgJGmTeL+gQmBwJ6I2skDdwAk=",
      "requires": {
        "@emmetio/node": "^0.1.2",
        "@emmetio/stream-reader": "^2.2.0",
        "@emmetio/stream-reader-utils": "^0.1.0"
      }
    },
    "@emmetio/css-abbreviation": {
      "version": "0.4.0",
      "resolved": "https://registry.npm.taobao.org/@emmetio/css-abbreviation/download/@emmetio/css-abbreviation-0.4.0.tgz",
      "integrity": "sha1-XamzE/NiXj11OQZcXr7Kg4keTaw=",
      "requires": {
        "@emmetio/node": "^0.1.2",
        "@emmetio/stream-reader": "^2.2.0",
        "@emmetio/stream-reader-utils": "^0.1.0"
      }
    },
    "@emmetio/css-snippets-resolver": {
      "version": "0.4.0",
      "resolved": "https://registry.npm.taobao.org/@emmetio/css-snippets-resolver/download/@emmetio/css-snippets-resolver-0.4.0.tgz",
      "integrity": "sha1-ZHfq1tJdg45oX6XITCWq+ldkedw="
    },
    "@emmetio/expand-abbreviation": {
      "version": "0.7.3",
      "resolved": "https://registry.npm.taobao.org/@emmetio/expand-abbreviation/download/@emmetio/expand-abbreviation-0.7.3.tgz",
      "integrity": "sha1-DLqbAY3k55ac8oko83airV3T4GE=",
      "requires": {
        "@emmetio/abbreviation": "^0.7.0",
        "@emmetio/css-abbreviation": "^0.4.0",
        "@emmetio/css-snippets-resolver": "^0.4.0",
        "@emmetio/html-snippets-resolver": "^0.1.4",
        "@emmetio/html-transform": "^0.3.9",
        "@emmetio/lorem": "^1.0.1",
        "@emmetio/markup-formatters": "^0.4.1",
        "@emmetio/output-profile": "^0.1.6",
        "@emmetio/snippets": "^0.2.9",
        "@emmetio/snippets-registry": "^0.3.1",
        "@emmetio/stylesheet-formatters": "^0.2.1",
        "@emmetio/variable-resolver": "^0.2.1"
      }
    },
    "@emmetio/field-parser": {
      "version": "0.3.1",
      "resolved": "https://registry.npm.taobao.org/@emmetio/field-parser/download/@emmetio/field-parser-0.3.1.tgz",
      "integrity": "sha1-AP+SKyzMI5KdglrYOp5PvQlPwPk=",
      "requires": {
        "@emmetio/stream-reader": "^2.2.0",
        "@emmetio/stream-reader-utils": "^0.1.0"
      }
    },
    "@emmetio/html-snippets-resolver": {
      "version": "0.1.4",
      "resolved": "https://registry.npm.taobao.org/@emmetio/html-snippets-resolver/download/@emmetio/html-snippets-resolver-0.1.4.tgz",
      "integrity": "sha1-szrT+nj9eNZLlL+Iqftos62Ojn4=",
      "requires": {
        "@emmetio/abbreviation": "^0.6.0"
      },
      "dependencies": {
        "@emmetio/abbreviation": {
          "version": "0.6.6",
          "resolved": "https://registry.npm.taobao.org/@emmetio/abbreviation/download/@emmetio/abbreviation-0.6.6.tgz",
          "integrity": "sha1-A80TmDwiMV0rZfxmqZrYw/pEqM4=",
          "requires": {
            "@emmetio/node": "^0.1.2",
            "@emmetio/stream-reader": "^2.2.0",
            "@emmetio/stream-reader-utils": "^0.1.0"
          }
        }
      }
    },
    "@emmetio/html-transform": {
      "version": "0.3.10",
      "resolved": "https://registry.npm.taobao.org/@emmetio/html-transform/download/@emmetio/html-transform-0.3.10.tgz",
      "integrity": "sha1-9e2+q+hxLjk3CSmDhNf0Ev4Kqns=",
      "requires": {
        "@emmetio/implicit-tag": "^1.0.0"
      }
    },
    "@emmetio/implicit-tag": {
      "version": "1.0.0",
      "resolved": "https://registry.npm.taobao.org/@emmetio/implicit-tag/download/@emmetio/implicit-tag-1.0.0.tgz",
      "integrity": "sha1-+CbU4fxR2jlDTCMmtvbQ4rLntBk="
    },
    "@emmetio/lorem": {
      "version": "1.0.2",
      "resolved": "https://registry.npm.taobao.org/@emmetio/lorem/download/@emmetio/lorem-1.0.2.tgz",
      "integrity": "sha1-jealcY85Fy6n0iUypbDTu9EAg9w=",
      "requires": {
        "@emmetio/implicit-tag": "^1.0.0"
      }
    },
    "@emmetio/markup-formatters": {
      "version": "0.4.1",
      "resolved": "https://registry.npm.taobao.org/@emmetio/markup-formatters/download/@emmetio/markup-formatters-0.4.1.tgz",
      "integrity": "sha1-Sax+W6W3X/DKT3X8l7ErY6xxKcs=",
      "requires": {
        "@emmetio/field-parser": "^0.3.0",
        "@emmetio/output-renderer": "^0.1.2"
      }
    },
    "@emmetio/node": {
      "version": "0.1.2",
      "resolved": "https://registry.npm.taobao.org/@emmetio/node/download/@emmetio/node-0.1.2.tgz",
      "integrity": "sha1-QjHVOMRUgaUYNfwquj9dn8EpY0w="
    },
    "@emmetio/output-profile": {
      "version": "0.1.6",
      "resolved": "https://registry.npm.taobao.org/@emmetio/output-profile/download/@emmetio/output-profile-0.1.6.tgz",
      "integrity": "sha1-Fd4jE19LVyJdGSzW79c9j/yd04A="
    },
    "@emmetio/output-renderer": {
      "version": "0.1.2",
      "resolved": "https://registry.npm.taobao.org/@emmetio/output-renderer/download/@emmetio/output-renderer-0.1.2.tgz",
      "integrity": "sha1-Ds4RrM6SmFB4aK7SGrUlPh6wgvg=",
      "requires": {
        "@emmetio/field-parser": "^0.3.0"
      }
    },
    "@emmetio/snippets": {
      "version": "0.2.12",
      "resolved": "https://registry.npm.taobao.org/@emmetio/snippets/download/@emmetio/snippets-0.2.12.tgz",
      "integrity": "sha1-YHqYydYo9XCg81lhYi9rH004G3I="
    },
    "@emmetio/snippets-registry": {
      "version": "0.3.1",
      "resolved": "https://registry.npm.taobao.org/@emmetio/snippets-registry/download/@emmetio/snippets-registry-0.3.1.tgz",
      "integrity": "sha1-7A6KEi/paDZZzmmiI5b0E2uUDSA="
    },
    "@emmetio/stream-reader": {
      "version": "2.2.0",
      "resolved": "https://registry.npm.taobao.org/@emmetio/stream-reader/download/@emmetio/stream-reader-2.2.0.tgz",
      "integrity": "sha1-Rs/+oRmgoAMxKiHC2bVijLX81EI="
    },
    "@emmetio/stream-reader-utils": {
      "version": "0.1.0",
      "resolved": "https://registry.npm.taobao.org/@emmetio/stream-reader-utils/download/@emmetio/stream-reader-utils-0.1.0.tgz",
      "integrity": "sha1-JEywLHfsLnT3ipvTGCGKvJxQCmE="
    },
    "@emmetio/stylesheet-formatters": {
      "version": "0.2.1",
      "resolved": "https://registry.npm.taobao.org/@emmetio/stylesheet-formatters/download/@emmetio/stylesheet-formatters-0.2.1.tgz",
      "integrity": "sha1-0nvmZkpuGLOV7KB/YVeqZYALJn8=",
      "requires": {
        "@emmetio/field-parser": "^0.3.0",
        "@emmetio/output-renderer": "^0.1.1"
      }
    },
    "@emmetio/variable-resolver": {
      "version": "0.2.1",
      "resolved": "https://registry.npm.taobao.org/@emmetio/variable-resolver/download/@emmetio/variable-resolver-0.2.1.tgz",
      "integrity": "sha1-zhG1FYRmmjQJhmkM8OwmnkTGP7o="
    }
  }
}
